
Microsoft Visual Studio Solution File, Format Version 12.00
# Visual Studio Version 17
VisualStudioVersion = 17.12.35707.178
MinimumVisualStudioVersion = 10.0.40219.1
Project("{8BC9CEB8-8B4A-11D0-8D11-00A0C91BC942}") = "Movie Ticket booking system", "Movie Ticket booking system\Movie Ticket booking system.vcxproj", "{A6FED3DA-3263-442E-9C34-16D33A2D6CCB}"
EndProject
Project("{8BC9CEB8-8B4A-11D0-8D11-00A0C91BC942}") = "staticLib", "staticLib\staticLib.vcxproj", "{538354F3-40D3-4383-9528-804B9A7643EE}"
EndProject
Global
	GlobalSection(SolutionConfigurationPlatforms) = preSolution
		Debug|x64 = Debug|x64
		Debug|x86 = Debug|x86
		Release|x64 = Release|x64
		Release|x86 = Release|x86
	EndGlobalSection
	GlobalSection(ProjectConfigurationPlatforms) = postSolution
		{A6FED3DA-3263-442E-9C34-16D33A2D6CCB}.Debug|x64.ActiveCfg = Debug|x64
		{A6FED3DA-3263-442E-9C34-16D33A2D6CCB}.Debug|x64.Build.0 = Debug|x64
		{A6FED3DA-3263-442E-9C34-16D33A2D6CCB}.Debug|x86.ActiveCfg = Debug|Win32
		{A6FED3DA-3263-442E-9C34-16D33A2D6CCB}.Debug|x86.Build.0 = Debug|Win32
		{A6FED3DA-3263-442E-9C34-16D33A2D6CCB}.Release|x64.ActiveCfg = Release|x64
		{A6FED3DA-3263-442E-9C34-16D33A2D6CCB}.Release|x64.Build.0 = Release|x64
		{A6FED3DA-3263-442E-9C34-16D33A2D6CCB}.Release|x86.ActiveCfg = Release|Win32
		{A6FED3DA-3263-442E-9C34-16D33A2D6CCB}.Release|x86.Build.0 = Release|Win32
		{538354F3-40D3-4383-9528-804B9A7643EE}.Debug|x64.ActiveCfg = Debug|x64
		{538354F3-40D3-4383-9528-804B9A7643EE}.Debug|x64.Build.0 = Debug|x64
		{538354F3-40D3-4383-9528-804B9A7643EE}.Debug|x86.ActiveCfg = Debug|Win32
		{538354F3-40D3-4383-9528-804B9A7643EE}.Debug|x86.Build.0 = Debug|Win32
		{538354F3-40D3-4383-9528-804B9A7643EE}.Release|x64.ActiveCfg = Release|x64
		{538354F3-40D3-4383-9528-804B9A7643EE}.Release|x64.Build.0 = Release|x64
		{538354F3-40D3-4383-9528-804B9A7643EE}.Release|x86.ActiveCfg = Release|Win32
		{538354F3-40D3-4383-9528-804B9A7643EE}.Release|x86.Build.0 = Release|Win32
	EndGlobalSection
	GlobalSection(SolutionProperties) = preSolution
		HideSolutionNode = FALSE
	EndGlobalSection
EndGlobal
